{
    "_readme": [
        "This file locks the dependencies of your project to a known state",
        "Read more about it at http://getcomposer.org/doc/01-basic-usage.md#composer-lock-the-lock-file"
    ],
    "hash": "e3b845a181a58c7aa3b75ba488676773",
    "packages": [
        {
            "name": "maniaplanet/dedicated-manager",
            "version": "dev-master",
            "source": {
                "type": "git",
                "url": "https://github.com/maniaplanet/dedicated-manager.git",
                "reference": "23667d54a5a900aef9eb0b551fc52563c4f8f6fb"
            },
            "dist": {
                "type": "zip",
                "url": "https://api.github.com/repos/maniaplanet/dedicated-manager/zipball/23667d54a5a900aef9eb0b551fc52563c4f8f6fb",
                "reference": "23667d54a5a900aef9eb0b551fc52563c4f8f6fb",
                "shasum": ""
            },
            "require": {
                "maniaplanet/manialib": "dev-master",
                "php": ">=5.3"
            },
            "type": "project",
            "autoload": {
                "psr-4": {
                    "DedicatedManager\\": "DedicatedManager/",
                    "I18n\\": "I18n/"
                }
            },
            "notification-url": "https://packagist.org/downloads/",
            "license": [
                "LGPL-3.0"
            ],
            "authors": [
                {
                    "name": "NadeoLive",
                    "email": "livedev@nadeo.com",
                    "homepage": "http://www.nadeo.com/"
                }
            ],
            "description": "ManiaPlanet dedicated-manager",
            "homepage": "https://github.com/maniaplanet/dedicated-manager",
            "keywords": [
                "ManiaPlanet",
                "ShootMania",
                "TrackMania"
            ],
            "time": "2014-02-13 13:06:08"
        },
        {
            "name": "maniaplanet/manialib",
            "version": "dev-master",
            "source": {
                "type": "git",
                "url": "https://github.com/maniaplanet/manialib.git",
                "reference": "de13b05a2ac2dbc13e67e08603339d6897b1b330"
            },
            "dist": {
                "type": "zip",
                "url": "https://api.github.com/repos/maniaplanet/manialib/zipball/de13b05a2ac2dbc13e67e08603339d6897b1b330",
                "reference": "de13b05a2ac2dbc13e67e08603339d6897b1b330",
                "shasum": ""
            },
            "require": {
                "php": ">=5.3"
            },
            "type": "library",
            "autoload": {
                "classmap": [
                    "libraries/ManiaLib"
                ]
            },
            "notification-url": "https://packagist.org/downloads/",
            "license": [
                "LGPL-3.0"
            ],
            "authors": [
                {
                    "name": "NadeoLive",
                    "email": "livedev@nadeo.com",
                    "homepage": "http://www.nadeo.com/"
                }
            ],
            "description": "Library to query ManiaPlanet webservices (shootmania and trackmania 2)",
            "homepage": "https://github.com/maniaplanet/manialib",
            "keywords": [
                "ManiaPlanet",
                "ShootMania",
                "TrackMania"
            ],
            "time": "2014-02-10 13:33:52"
        },
        {
            "name": "maniaplanet/maniaplanet-ws-sdk",
            "version": "dev-master",
            "source": {
                "type": "git",
                "url": "https://github.com/maniaplanet/maniaplanet-ws-sdk.git",
                "reference": "2f1bbef19c60dc2438512d36d30add09c7064f25"
            },
            "dist": {
                "type": "zip",
                "url": "https://api.github.com/repos/maniaplanet/maniaplanet-ws-sdk/zipball/2f1bbef19c60dc2438512d36d30add09c7064f25",
                "reference": "2f1bbef19c60dc2438512d36d30add09c7064f25",
                "shasum": ""
            },
            "require": {
                "ext-curl": "*",
                "ext-json": "*",
                "php": ">=5.3"
            },
            "type": "library",
            "autoload": {
                "psr-4": {
                    "Maniaplanet\\": "libraries/Maniaplanet"
                }
            },
            "notification-url": "https://packagist.org/downloads/",
            "license": [
                "LGPL-3.0"
            ],
            "authors": [
                {
                    "name": "Nadeo",
                    "email": "contact@nadeo.com",
                    "homepage": "http://www.nadeo.com/"
                }
            ],
            "description": "SDK for the ManiaPlanet Web Services API.",
            "homepage": "https://github.com/maniaplanet/maniaplanet-ws-sdk",
            "keywords": [
                "ManiaPlanet",
                "ShootMania",
                "TrackMania",
                "curl",
                "oauth2",
                "rest",
                "web services"
            ],
            "time": "2014-01-24 15:01:07"
        }
    ],
    "packages-dev": [

    ],
    "aliases": [

    ],
    "minimum-stability": "dev",
    "stability-flags": {
        "maniaplanet/manialib": 20,
        "maniaplanet/maniaplanet-ws-sdk": 20,
        "maniaplanet/dedicated-manager": 20
    },
    "platform": {
        "php": ">=5.3"
    },
    "platform-dev": [

    ]
}
